PODS:
  - Cards (1.4.0):
    - Player (= 0.13.0)
  - Player (0.13.0)

DEPENDENCIES:
  - Cards (~> 1.4)

SPEC REPOS:
  https://github.com/cocoapods/specs.git:
    - Cards
    - Player

SPEC CHECKSUMS:
  Cards: 45ae6bd0eca7b5e8016d3b6cb30b60b04753f68f
  Player: 968d8d07d923bcdd6f7e4091c9e306eb44a5f7a4

PODFILE CHECKSUM: 472c31e5afe20418106758de98021834df24ecf2

COCOAPODS: 1.6.0
